// !$*UTF8*$!
{
	archiveVersion = 1;
	classes = {
	};
	objectVersion = 50;
	objects = {

/* Begin PBXBuildFile section */
		AA3378242292470600665302 /* AppDelegate.swift in Sources */ = {isa = PBXBuildFile; fileRef = AA3378232292470600665302 /* AppDelegate.swift */; };
		AA3378262292470600665302 /* ViewController.swift in Sources */ = {isa = PBXBuildFile; fileRef = AA3378252292470600665302 /* ViewController.swift */; };
		AA3378292292470600665302 /* Main.storyboard in Resources */ = {isa = PBXBuildFile; fileRef = AA3378272292470600665302 /* Main.storyboard */; };
		AA33782C2292470600665302 /* CoredataTest.xcdatamodeld in Sources */ = {isa = PBXBuildFile; fileRef = AA33782A2292470600665302 /* CoredataTest.xcdatamodeld */; };
		AA33782E2292470700665302 /* Assets.xcassets in Resources */ = {isa = PBXBuildFile; fileRef = AA33782D2292470700665302 /* Assets.xcassets */; };
		AA3378312292470700665302 /* LaunchScreen.storyboard in Resources */ = {isa = PBXBuildFile; fileRef = AA33782F2292470700665302 /* LaunchScreen.storyboard */; };
		AA33783D2292481100665302 /* CoreDataManager.swift in Sources */ = {isa = PBXBuildFile; fileRef = AA33783C2292481100665302 /* CoreDataManager.swift */; };
		AA33784A22924D1200665302 /* User+CoreDataClass.swift in Sources */ = {isa = PBXBuildFile; fileRef = AA33784822924D1200665302 /* User+CoreDataClass.swift */; };
		AA33784B22924D1200665302 /* User+CoreDataProperties.swift in Sources */ = {isa = PBXBuildFile; fileRef = AA33784922924D1200665302 /* User+CoreDataProperties.swift */; };
/* End PBXBuildFile section */

/* Begin PBXFileReference section */
		AA3378202292470600665302 /* CoredataTest.app */ = {isa = PBXFileReference; explicitFileType = wrapper.application; includeInIndex = 0; path = CoredataTest.app; sourceTree = BUILT_PRODUCTS_DIR; };
		AA3378232292470600665302 /* AppDelegate.swift */ = {isa = PBXFileReference; lastKnownFileType = sourcecode.swift; path = AppDelegate.swift; sourceTree = "<group>"; };
		AA3378252292470600665302 /* ViewController.swift */ = {isa = PBXFileReference; lastKnownFileType = sourcecode.swift; path = ViewController.swift; sourceTree = "<group>"; };
		AA3378282292470600665302 /* Base */ = {isa = PBXFileReference; lastKnownFileType = file.storyboard; name = Base; path = Base.lproj/Main.storyboard; sourceTree = "<group>"; };
		AA33782B2292470600665302 /* CoredataTest.xcdatamodel */ = {isa = PBXFileReference; lastKnownFileType = wrapper.xcdatamodel; path = CoredataTest.xcdatamodel; sourceTree = "<group>"; };
		AA33782D2292470700665302 /* Assets.xcassets */ = {isa = PBXFileReference; lastKnownFileType = folder.assetcatalog; path = Assets.xcassets; sourceTree = "<group>"; };
		AA3378302292470700665302 /* Base */ = {isa = PBXFileReference; lastKnownFileType = file.storyboard; name = Base; path = Base.lproj/LaunchScreen.storyboard; sourceTree = "<group>"; };
		AA3378322292470700665302 /* Info.plist */ = {isa = PBXFileReference; lastKnownFileType = text.plist.xml; path = Info.plist; sourceTree = "<group>"; };
		AA33783C2292481100665302 /* CoreDataManager.swift */ = {isa = PBXFileReference; lastKnownFileType = sourcecode.swift; path = CoreDataManager.swift; sourceTree = "<group>"; };
		AA33784822924D1200665302 /* User+CoreDataClass.swift */ = {isa = PBXFileReference; lastKnownFileType = sourcecode.swift; name = "User+CoreDataClass.swift"; path = "CoreDatas/User+CoreDataClass.swift"; sourceTree = "<group>"; };
		AA33784922924D1200665302 /* User+CoreDataProperties.swift */ = {isa = PBXFileReference; lastKnownFileType = sourcecode.swift; name = "User+CoreDataProperties.swift"; path = "CoreDatas/User+CoreDataProperties.swift"; sourceTree = "<group>"; };
/* End PBXFileReference section */

/* Begin PBXFrameworksBuildPhase section */
		AA33781D2292470600665302 /* Frameworks */ = {
			isa = PBXFrameworksBuildPhase;
			buildActionMask = 2147483647;
			files = (
			);
			runOnlyForDeploymentPostprocessing = 0;
		};
/* End PBXFrameworksBuildPhase section */

/* Begin PBXGroup section */
		AA3378172292470600665302 = {
			isa = PBXGroup;
			children = (
				AA33784822924D1200665302 /* User+CoreDataClass.swift */,
				AA33784922924D1200665302 /* User+CoreDataProperties.swift */,
				AA3378222292470600665302 /* CoredataTest */,
				AA3378212292470600665302 /* Products */,
			);
			sourceTree = "<group>";
		};
		AA3378212292470600665302 /* Products */ = {
			isa = PBXGroup;
			children = (
				AA3378202292470600665302 /* CoredataTest.app */,
			);
			name = Products;
			sourceTree = "<group>";
		};
		AA3378222292470600665302 /* CoredataTest */ = {
			isa = PBXGroup;
			children = (
				AA3378232292470600665302 /* AppDelegate.swift */,
				AA3378252292470600665302 /* ViewController.swift */,
				AA3378272292470600665302 /* Main.storyboard */,
				AA33782D2292470700665302 /* Assets.xcassets */,
				AA33782F2292470700665302 /* LaunchScreen.storyboard */,
				AA3378322292470700665302 /* Info.plist */,
				AA33782A2292470600665302 /* CoredataTest.xcdatamodeld */,
				AA33783C2292481100665302 /* CoreDataManager.swift */,
			);
			path = CoredataTest;
			sourceTree = "<group>";
		};
/* End PBXGroup section */

/* Begin PBXNativeTarget section */
		AA33781F2292470600665302 /* CoredataTest */ = {
			isa = PBXNativeTarget;
			buildConfigurationList = AA3378352292470700665302 /* Build configuration list for PBXNativeTarget "CoredataTest" */;
			buildPhases = (
				AA33781C2292470600665302 /* Sources */,
				AA33781D2292470600665302 /* Frameworks */,
				AA33781E2292470600665302 /* Resources */,
			);
			buildRules = (
			);
			dependencies = (
			);
			name = CoredataTest;
			productName = CoredataTest;
			productReference = AA3378202292470600665302 /* CoredataTest.app */;
			productType = "com.apple.product-type.application";
		};
/* End PBXNativeTarget section */

/* Begin PBXProject section */
		AA3378182292470600665302 /* Project object */ = {
			isa = PBXProject;
			attributes = {
				LastSwiftUpdateCheck = 1010;
				LastUpgradeCheck = 1010;
				ORGANIZATIONNAME = Yuni;
				TargetAttributes = {
					AA33781F2292470600665302 = {
						CreatedOnToolsVersion = 10.1;
					};
				};
			};
			buildConfigurationList = AA33781B2292470600665302 /* Build configuration list for PBXProject "CoredataTest" */;
			compatibilityVersion = "Xcode 9.3";
			developmentRegion = en;
			hasScannedForEncodings = 0;
			knownRegions = (
				en,
				Base,
			);
			mainGroup = AA3378172292470600665302;
			productRefGroup = AA3378212292470600665302 /* Products */;
			projectDirPath = "";
			projectRoot = "";
			targets = (
				AA33781F2292470600665302 /* CoredataTest */,
			);
		};
/* End PBXProject section */

/* Begin PBXResourcesBuildPhase section */
		AA33781E2292470600665302 /* Resources */ = {
			isa = PBXResourcesBuildPhase;
			buildActionMask = 2147483647;
			files = (
				AA3378312292470700665302 /* LaunchScreen.storyboard in Resources */,
				AA33782E2292470700665302 /* Assets.xcassets in Resources */,
				AA3378292292470600665302 /* Main.storyboard in Resources */,
			);
			runOnlyForDeploymentPostprocessing = 0;
		};
/* End PBXResourcesBuildPhase section */

/* Begin PBXSourcesBuildPhase section */
		AA33781C2292470600665302 /* Sources */ = {
			isa = PBXSourcesBuildPhase;
			buildActionMask = 2147483647;
			files = (
				AA33783D2292481100665302 /* CoreDataManager.swift in Sources */,
				AA3378262292470600665302 /* ViewController.swift in Sources */,
				AA33784B22924D1200665302 /* User+CoreDataProperties.swift in Sources */,
				AA3378242292470600665302 /* AppDelegate.swift in Sources */,
				AA33782C2292470600665302 /* CoredataTest.xcdatamodeld in Sources */,
				AA33784A22924D1200665302 /* User+CoreDataClass.swift in Sources */,
			);
			runOnlyForDeploymentPostprocessing = 0;
		};
/* End PBXSourcesBuildPhase section */

/* Begin PBXVariantGroup section */
		AA3378272292470600665302 /* Main.storyboard */ = {
			isa = PBXVariantGroup;
			children = (
				AA3378282292470600665302 /* Base */,
			);
			name = Main.storyboard;
			sourceTree = "<group>";
		};
		AA33782F2292470700665302 /* LaunchScreen.storyboard */ = {
			isa = PBXVariantGroup;
			children = (
				AA3378302292470700665302 /* Base */,
			);
			name = LaunchScreen.storyboard;
			sourceTree = "<group>";
		};
/* End PBXVariantGroup section */

/* Begin XCBuildConfiguration section */
		AA3378332292470700665302 /* Debug */ = {
			isa = XCBuildConfiguration;
			buildSettings = {
				ALWAYS_SEARCH_USER_PATHS = NO;
				CLANG_ANALYZER_NONNULL = YES;
				CLANG_ANALYZER_NUMBER_OBJECT_CONVERSION = YES_AGGRESSIVE;
				CLANG_CXX_LANGUAGE_STANDARD = "gnu++14";
				CLANG_CXX_LIBRARY = "libc++";
				CLANG_ENABLE_MODULES = YES;
				CLANG_ENABLE_OBJC_ARC = YES;
				CLANG_ENABLE_OBJC_WEAK = YES;
				CLANG_WARN_BLOCK_CAPTURE_AUTORELEASING = YES;
				CLANG_WARN_BOOL_CONVERSION = YES;
				CLANG_WARN_COMMA = YES;
				CLANG_WARN_CONSTANT_CONVERSION = YES;
				CLANG_WARN_DEPRECATED_OBJC_IMPLEMENTATIONS = YES;
				CLANG_WARN_DIRECT_OBJC_ISA_USAGE = YES_ERROR;
				CLANG_WARN_DOCUMENTATION_COMMENTS = YES;
				CLANG_WARN_EMPTY_BODY = YES;
				CLANG_WARN_ENUM_CONVERSION = YES;
				CLANG_WARN_INFINITE_RECURSION = YES;
				CLANG_WARN_INT_CONVERSION = YES;
				CLANG_WARN_NON_LITERAL_NULL_CONVERSION = YES;
				CLANG_WARN_OBJC_IMPLICIT_RETAIN_SELF = YES;
				CLANG_WARN_OBJC_LITERAL_CONVERSION = YES;
				CLANG_WARN_OBJC_ROOT_CLASS = YES_ERROR;
				CLANG_WARN_RANGE_LOOP_ANALYSIS = YES;
				CLANG_WARN_STRICT_PROTOTYPES = YES;
				CLANG_WARN_SUSPICIOUS_MOVE = YES;
				CLANG_WARN_UNGUARDED_AVAILABILITY = YES_AGGRESSIVE;
				CLANG_WARN_UNREACHABLE_CODE = YES;
				CLANG_WARN__DUPLICATE_METHOD_MATCH = YES;
				CODE_SIGN_IDENTITY = "iPhone Developer";
				COPY_PHASE_STRIP = NO;
				DEBUG_INFORMATION_FORMAT = dwarf;
				ENABLE_STRICT_OBJC_MSGSEND = YES;
				ENABLE_TESTABILITY = YES;
				GCC_C_LANGUAGE_STANDARD = gnu11;
				GCC_DYNAMIC_NO_PIC = NO;
				GCC_NO_COMMON_BLOCKS = YES;
				GCC_OPTIMIZATION_LEVEL = 0;
				GCC_PREPROCESSOR_DEFINITIONS = (
					"DEBUG=1",
					"$(inherited)",
				);
				GCC_WARN_64_TO_32_BIT_CONVERSION = YES;
				GCC_WARN_ABOUT_RETURN_TYPE = YES_ERROR;
				GCC_WARN_UNDECLARED_SELECTOR = YES;
				GCC_WARN_UNINITIALIZED_AUTOS = YES_AGGRESSIVE;
				GCC_WARN_UNUSED_FUNCTION = YES;
				GCC_WARN_UNUSED_VARIABLE = YES;
				IPHONEOS_DEPLOYMENT_TARGET = 12.1;
				MTL_ENABLE_DEBUG_INFO = INCLUDE_SOURCE;
				MTL_FAST_MATH = YES;
				ONLY_ACTIVE_ARCH = YES;
				SDKROOT = iphoneos;
				SWIFT_ACTIVE_COMPILATION_CONDITIONS = DEBUG;
				SWIFT_OPTIMIZATION_LEVEL = "-Onone";
			};
			name = Debug;
		};
		AA3378342292470700665302 /* Release */ = {
			isa = XCBuildConfiguration;
			buildSettings = {
				ALWAYS_SEARCH_USER_PATHS = NO;
				CLANG_ANALYZER_NONNULL = YES;
				CLANG_ANALYZER_NUMBER_OBJECT_CONVERSION = YES_AGGRESSIVE;
				CLANG_CXX_LANGUAGE_STANDARD = "gnu++14";
				CLANG_CXX_LIBRARY = "libc++";
				CLANG_ENABLE_MODULES = YES;
				CLANG_ENABLE_OBJC_ARC = YES;
				CLANG_ENABLE_OBJC_WEAK = YES;
				CLANG_WARN_BLOCK_CAPTURE_AUTORELEASING = YES;
				CLANG_WARN_BOOL_CONVERSION = YES;
				CLANG_WARN_COMMA = YES;
				CLANG_WARN_CONSTANT_CONVERSION = YES;
				CLANG_WARN_DEPRECATED_OBJC_IMPLEMENTATIONS = YES;
				CLANG_WARN_DIRECT_OBJC_ISA_USAGE = YES_ERROR;
				CLANG_WARN_DOCUMENTATION_COMMENTS = YES;
				CLANG_WARN_EMPTY_BODY = YES;
				CLANG_WARN_ENUM_CONVERSION = YES;
				CLANG_WARN_INFINITE_RECURSION = YES;
				CLANG_WARN_INT_CONVERSION = YES;
				CLANG_WARN_NON_LITERAL_NULL_CONVERSION = YES;
				CLANG_WARN_OBJC_IMPLICIT_RETAIN_SELF = YES;
				CLANG_WARN_OBJC_LITERAL_CONVERSION = YES;
				CLANG_WARN_OBJC_ROOT_CLASS = YES_ERROR;
				CLANG_WARN_RANGE_LOOP_ANALYSIS = YES;
				CLANG_WARN_STRICT_PROTOTYPES = YES;
				CLANG_WARN_SUSPICIOUS_MOVE = YES;
				CLANG_WARN_UNGUARDED_AVAILABILITY = YES_AGGRESSIVE;
				CLANG_WARN_UNREACHABLE_CODE = YES;
				CLANG_WARN__DUPLICATE_METHOD_MATCH = YES;
				CODE_SIGN_IDENTITY = "iPhone Developer";
				COPY_PHASE_STRIP = NO;
				DEBUG_INFORMATION_FORMAT = "dwarf-with-dsym";
				ENABLE_NS_ASSERTIONS = NO;
				ENABLE_STRICT_OBJC_MSGSEND = YES;
				GCC_C_LANGUAGE_STANDARD = gnu11;
				GCC_NO_COMMON_BLOCKS = YES;
				GCC_WARN_64_TO_32_BIT_CONVERSION = YES;
				GCC_WARN_ABOUT_RETURN_TYPE = YES_ERROR;
				GCC_WARN_UNDECLARED_SELECTOR = YES;
				GCC_WARN_UNINITIALIZED_AUTOS = YES_AGGRESSIVE;
				GCC_WARN_UNUSED_FUNCTION = YES;
				GCC_WARN_UNUSED_VARIABLE = YES;
				IPHONEOS_DEPLOYMENT_TARGET = 12.1;
				MTL_ENABLE_DEBUG_INFO = NO;
				MTL_FAST_MATH = YES;
				SDKROOT = iphoneos;
				SWIFT_COMPILATION_MODE = wholemodule;
				SWIFT_OPTIMIZATION_LEVEL = "-O";
				VALIDATE_PRODUCT = YES;
			};
			name = Release;
		};
		AA3378362292470700665302 /* Debug */ = {
			isa = XCBuildConfiguration;
			buildSettings = {
				ASSETCATALOG_COMPILER_APPICON_NAME = AppIcon;
				CODE_SIGN_STYLE = Automatic;
				INFOPLIST_FILE = CoredataTest/Info.plist;
				LD_RUNPATH_SEARCH_PATHS = (
					"$(inherited)",
					"@executable_path/Frameworks",
				);
				PRODUCT_BUNDLE_IDENTIFIER = com.Yuni.CoredataTest;
				PRODUCT_NAME = "$(TARGET_NAME)";
				SWIFT_VERSION = 4.2;
				TARGETED_DEVICE_FAMILY = "1,2";
			};
			name = Debug;
		};
		AA3378372292470700665302 /* Release */ = {
			isa = XCBuildConfiguration;
			buildSettings = {
				ASSETCATALOG_COMPILER_APPICON_NAME = AppIcon;
				CODE_SIGN_STYLE = Automatic;
				INFOPLIST_FILE = CoredataTest/Info.plist;
				LD_RUNPATH_SEARCH_PATHS = (
					"$(inherited)",
					"@executable_path/Frameworks",
				);
				PRODUCT_BUNDLE_IDENTIFIER = com.Yuni.CoredataTest;
				PRODUCT_NAME = "$(TARGET_NAME)";
				SWIFT_VERSION = 4.2;
				TARGETED_DEVICE_FAMILY = "1,2";
			};
			name = Release;
		};
/* End XCBuildConfiguration section */

/* Begin XCConfigurationList section */
		AA33781B2292470600665302 /* Build configuration list for PBXProject "CoredataTest" */ = {
			isa = XCConfigurationList;
			buildConfigurations = (
				AA3378332292470700665302 /* Debug */,
				AA3378342292470700665302 /* Release */,
			);
			defaultConfigurationIsVisible = 0;
			defaultConfigurationName = Release;
		};
		AA3378352292470700665302 /* Build configuration list for PBXNativeTarget "CoredataTest" */ = {
			isa = XCConfigurationList;
			buildConfigurations = (
				AA3378362292470700665302 /* Debug */,
				AA3378372292470700665302 /* Release */,
			);
			defaultConfigurationIsVisible = 0;
			defaultConfigurationName = Release;
		};
/* End XCConfigurationList section */

/* Begin XCVersionGroup section */
		AA33782A2292470600665302 /* CoredataTest.xcdatamodeld */ = {
			isa = XCVersionGroup;
			children = (
				AA33782B2292470600665302 /* CoredataTest.xcdatamodel */,
			);
			currentVersion = AA33782B2292470600665302 /* CoredataTest.xcdatamodel */;
			path = CoredataTest.xcdatamodeld;
			sourceTree = "<group>";
			versionGroupType = wrapper.xcdatamodel;
		};
/* End XCVersionGroup section */
	};
	rootObject = AA3378182292470600665302 /* Project object */;
}
